- document: The Sign of the Four
  token: sentence
  start: 0
  end: 20
- document: The
  token: pos
  start: 0
  end: 23
  tag: DET
  score: 0.9995819926261902
- document: Sign
  token: pos
  start: 4
  end: 28
  tag: PROPN
  score: 0.590786337852478
- document: of
  token: pos
  start: 9
  end: 31
  tag: ADP
  score: 0.9999127388000488
- document: the
  token: pos
  start: 12
  end: 35
  tag: DET
  score: 0.9999370574951172
- document: Four
  token: pos
  start: 16
  end: 40
  tag: PROPN
  score: 0.7988733649253845
- start: 20
  end: 1865
  token: checkpoint
  tag: chapter
  labels:
    chapter: Chapter I
  order:
    - 0
    - 1
    - 0
- document: Chapter
  token: pos
  start: 22
  end: 39
  tag: NOUN
  score: 0.9469459652900696
- document: Chapter I.
  token: entity
  start: 22
  end: 42
  tag: QUANTITY
  score: 0.7239122986793518
- document: Chapter I.
  token: sentence
  start: 22
  end: 32
- document: I.
  token: pos
  start: 30
  end: 42
  tag: PRON
  score: 0.5238431692123413
- start: 32
  end: 58
  token: checkpoint
  tag: paragraph
  labels:
    paragraph: The Science of
  order:
    - 0
    - 1
    - 1
- document: The Science of Deduction
  token: sentence
  start: 34
  end: 58
- document: The
  token: pos
  start: 34
  end: 61
  tag: DET
  score: 0.9993048906326294
- document: Science
  token: pos
  start: 38
  end: 69
  tag: PROPN
  score: 0.8522499203681946
- document: of
  token: pos
  start: 46
  end: 72
  tag: ADP
  score: 0.9998500347137451
- document: Deduction
  token: pos
  start: 49
  end: 82
  tag: PROPN
  score: 0.9518446922302246
- start: 58
  end: 579
  token: checkpoint
  tag: paragraph
  labels:
    paragraph: Sherlock Holmes took his
  order:
    - 0
    - 1
    - 2
- document: Sherlock Holmes
  token: entity
  start: 60
  end: 196
  tag: PERSON
  score: 0.9972845911979675
- document: >-
    Sherlock Holmes took his bottle from the corner of the mantelpiece and his
    hypodermic syringe from its neat morocco case.
  token: sentence
  start: 60
  end: 181
- document: Sherlock
  token: pos
  start: 60
  end: 189
  tag: PROPN
  score: 0.9933410286903381
- document: Holmes
  token: pos
  start: 69
  end: 196
  tag: PROPN
  score: 0.9997116923332214
- document: took
  token: pos
  start: 76
  end: 201
  tag: VERB
  score: 0.9999977350234985
- document: his
  token: pos
  start: 81
  end: 205
  tag: PRON
  score: 0.9999992847442627
- document: bottle
  token: pos
  start: 85
  end: 212
  tag: NOUN
  score: 0.999955415725708
- document: from
  token: pos
  start: 92
  end: 217
  tag: ADP
  score: 0.9999784231185913
- document: the
  token: pos
  start: 97
  end: 221
  tag: DET
  score: 0.9999984502792358
- document: corner
  token: pos
  start: 101
  end: 228
  tag: NOUN
  score: 0.9994645714759827
- document: of
  token: pos
  start: 108
  end: 231
  tag: ADP
  score: 0.9992796778678894
- document: the
  token: pos
  start: 111
  end: 235
  tag: DET
  score: 0.9999836683273315
- document: mantelpiece
  token: pos
  start: 115
  end: 247
  tag: NOUN
  score: 0.9994204044342041
- document: and
  token: pos
  start: 127
  end: 251
  tag: CONJ
  score: 0.9999979734420776
- document: his
  token: pos
  start: 131
  end: 255
  tag: PRON
  score: 0.9999985694885254
- document: hypodermic
  token: pos
  start: 135
  end: 266
  tag: NOUN
  score: 0.6242280006408691
- document: syringe
  token: pos
  start: 146
  end: 274
  tag: NOUN
  score: 0.9969749450683594
- document: from
  token: pos
  start: 154
  end: 279
  tag: ADP
  score: 0.9996218681335449
- document: its
  token: pos
  start: 159
  end: 283
  tag: PRON
  score: 1
- document: neat
  token: pos
  start: 163
  end: 288
  tag: ADJ
  score: 0.9976473450660706
- document: morocco
  token: pos
  start: 168
  end: 296
  tag: NOUN
  score: 0.936713457107544
- document: case
  token: pos
  start: 176
  end: 301
  tag: NOUN
  score: 0.9999163150787354
- document: .
  token: pos
  start: 180
  end: 302
  tag: PUNCT
  score: 0.9999979734420776
- document: With
  token: pos
  start: 182
  end: 293
  tag: ADP
  score: 0.897162139415741
- document: >-
    With his long, white, nervous fingers he adjusted the delicate needle, and
    rolled back his left shirt-cuff.
  token: sentence
  start: 182
  end: 289
- document: his
  token: pos
  start: 187
  end: 297
  tag: PRON
  score: 0.9999994039535522
- document: long
  token: pos
  start: 191
  end: 302
  tag: ADJ
  score: 0.9774422645568848
- document: ','
  token: pos
  start: 195
  end: 303
  tag: PUNCT
  score: 0.9999988079071045
- document: white
  token: pos
  start: 197
  end: 309
  tag: ADJ
  score: 0.9979972243309021
- document: ','
  token: pos
  start: 202
  end: 310
  tag: PUNCT
  score: 0.9999995231628418
- document: nervous
  token: pos
  start: 204
  end: 318
  tag: ADJ
  score: 0.9983042478561401
- document: fingers
  token: pos
  start: 212
  end: 326
  tag: NOUN
  score: 0.9990262985229492
- document: he
  token: pos
  start: 220
  end: 329
  tag: PRON
  score: 0.9999940395355225
- document: adjusted
  token: pos
  start: 223
  end: 338
  tag: VERB
  score: 0.999992847442627
- document: the
  token: pos
  start: 232
  end: 342
  tag: DET
  score: 0.9999958276748657
- document: delicate
  token: pos
  start: 236
  end: 351
  tag: ADJ
  score: 0.9898679256439209
- document: needle
  token: pos
  start: 245
  end: 358
  tag: NOUN
  score: 0.9997925162315369
- document: ','
  token: pos
  start: 251
  end: 359
  tag: PUNCT
  score: 0.9999994039535522
- document: and
  token: pos
  start: 253
  end: 363
  tag: CONJ
  score: 0.9999959468841553
- document: rolled
  token: pos
  start: 257
  end: 370
  tag: VERB
  score: 0.9995678067207336
- document: back
  token: pos
  start: 264
  end: 375
  tag: ADP
  score: 0.6405230164527893
- document: his
  token: pos
  start: 269
  end: 379
  tag: PRON
  score: 0.9999974966049194
- document: left
  token: pos
  start: 273
  end: 384
  tag: ADJ
  score: 0.8718031048774719
- document: shirt
  token: pos
  start: 278
  end: 390
  tag: NOUN
  score: 0.9888126850128174
- document: '-'
  token: pos
  start: 283
  end: 391
  tag: PUNCT
  score: 0.9999827146530151
- document: cuff
  token: pos
  start: 284
  end: 395
  tag: NOUN
  score: 0.9979422688484192
- document: .
  token: pos
  start: 288
  end: 396
  tag: PUNCT
  score: 0.9999991655349731
- document: >-
    For some little time his eyes rested thoughtfully upon the sinewy forearm
    and wrist all dotted and scarred with innumerable puncture-marks.
  token: sentence
  start: 290
  end: 429
- document: For
  token: pos
  start: 290
  end: 432
  tag: ADP
  score: 0.9806452393531799
- document: some
  token: pos
  start: 294
  end: 437
  tag: DET
  score: 0.9993663430213928
- document: some little time
  token: entity
  start: 294
  end: 449
  tag: QUANTITY
  score: 0.9097837209701538
- document: little
  token: pos
  start: 299
  end: 444
  tag: ADJ
  score: 0.998324453830719
- document: time
  token: pos
  start: 306
  end: 449
  tag: NOUN
  score: 0.9999656677246094
- document: his
  token: pos
  start: 311
  end: 453
  tag: PRON
  score: 0.9999983310699463
- document: eyes
  token: pos
  start: 315
  end: 458
  tag: NOUN
  score: 0.9998987913131714
- document: rested
  token: pos
  start: 320
  end: 465
  tag: VERB
  score: 0.9958890080451965
- document: thoughtfully
  token: pos
  start: 327
  end: 478
  tag: ADV
  score: 0.999704897403717
- document: upon
  token: pos
  start: 340
  end: 483
  tag: ADP
  score: 0.9904503226280212
- document: the
  token: pos
  start: 345
  end: 487
  tag: DET
  score: 0.999997615814209
- document: sinewy
  token: pos
  start: 349
  end: 494
  tag: ADJ
  score: 0.9728395938873291
- document: forearm
  token: pos
  start: 356
  end: 502
  tag: NOUN
  score: 0.9999469518661499
- document: and
  token: pos
  start: 364
  end: 506
  tag: CONJ
  score: 0.9999991655349731
- document: wrist
  token: pos
  start: 368
  end: 512
  tag: NOUN
  score: 0.9257206916809082
- document: all
  token: pos
  start: 374
  end: 516
  tag: DET
  score: 0.6422862410545349
- document: dotted
  token: pos
  start: 378
  end: 523
  tag: VERB
  score: 0.9002649188041687
- document: and
  token: pos
  start: 385
  end: 527
  tag: CONJ
  score: 0.9999649524688721
- document: scarred
  token: pos
  start: 389
  end: 535
  tag: VERB
  score: 0.97240149974823
- document: with
  token: pos
  start: 397
  end: 540
  tag: ADP
  score: 0.993567168712616
- document: innumerable
  token: pos
  start: 402
  end: 552
  tag: ADJ
  score: 0.9916471242904663
- document: innumerable puncture-marks
  token: entity
  start: 402
  end: 567
  tag: QUANTITY
  score: 0.7674533128738403
- document: puncture
  token: pos
  start: 414
  end: 561
  tag: NOUN
  score: 0.9785892367362976
- document: '-'
  token: pos
  start: 422
  end: 562
  tag: PUNCT
  score: 0.9999845027923584
- document: marks
  token: pos
  start: 423
  end: 567
  tag: NOUN
  score: 0.9987068176269531
- document: .
  token: pos
  start: 428
  end: 568
  tag: PUNCT
  score: 0.9999974966049194
- document: Finally
  token: pos
  start: 430
  end: 586
  tag: ADV
  score: 0.999840497970581
- document: >-
    Finally he thrust the sharp point home, pressed down the tiny piston, and
    sank back into the velvet-lined arm-chair with a long sigh of satisfaction.
  token: sentence
  start: 430
  end: 579
- document: he
  token: pos
  start: 438
  end: 589
  tag: PRON
  score: 0.9999850988388062
- document: thrust
  token: pos
  start: 441
  end: 596
  tag: VERB
  score: 0.9999747276306152
- document: the
  token: pos
  start: 448
  end: 600
  tag: DET
  score: 0.9999959468841553
- document: sharp
  token: pos
  start: 452
  end: 606
  tag: ADJ
  score: 0.9993334412574768
- document: point
  token: pos
  start: 458
  end: 612
  tag: NOUN
  score: 0.9987492561340332
- document: home
  token: pos
  start: 464
  end: 617
  tag: ADV
  score: 0.6386915445327759
- document: ','
  token: pos
  start: 468
  end: 618
  tag: PUNCT
  score: 0.9999998807907104
- document: pressed
  token: pos
  start: 470
  end: 626
  tag: VERB
  score: 0.9991099238395691
- document: down
  token: pos
  start: 478
  end: 631
  tag: ADP
  score: 0.9609403014183044
- document: the
  token: pos
  start: 483
  end: 635
  tag: DET
  score: 0.9999958276748657
- document: tiny
  token: pos
  start: 487
  end: 640
  tag: ADJ
  score: 0.9975379705429077
- document: piston
  token: pos
  start: 492
  end: 647
  tag: NOUN
  score: 0.9997072815895081
- document: ','
  token: pos
  start: 498
  end: 648
  tag: PUNCT
  score: 0.999998927116394
- document: and
  token: pos
  start: 500
  end: 652
  tag: CONJ
  score: 0.9999973773956299
- document: sank
  token: pos
  start: 504
  end: 657
  tag: VERB
  score: 0.9994015693664551
- document: back
  token: pos
  start: 509
  end: 662
  tag: ADV
  score: 0.8199498057365417
- document: into
  token: pos
  start: 514
  end: 667
  tag: ADP
  score: 0.9990449547767639
- document: the
  token: pos
  start: 519
  end: 671
  tag: DET
  score: 0.9999954700469971
- document: velvet
  token: pos
  start: 523
  end: 678
  tag: NOUN
  score: 0.9445455074310303
- document: '-'
  token: pos
  start: 529
  end: 679
  tag: PUNCT
  score: 0.9999910593032837
- document: lined
  token: pos
  start: 530
  end: 684
  tag: VERB
  score: 0.8730820417404175
- document: arm
  token: pos
  start: 536
  end: 688
  tag: NOUN
  score: 0.9894276261329651
- document: '-'
  token: pos
  start: 539
  end: 689
  tag: PUNCT
  score: 0.9999688863754272
- document: chair
  token: pos
  start: 540
  end: 694
  tag: NOUN
  score: 0.999760091304779
- document: with
  token: pos
  start: 546
  end: 699
  tag: ADP
  score: 0.9923679232597351
- document: a
  token: pos
  start: 551
  end: 701
  tag: DET
  score: 0.9999771118164062
- document: long
  token: pos
  start: 553
  end: 706
  tag: ADJ
  score: 0.9953508377075195
- document: sigh
  token: pos
  start: 558
  end: 711
  tag: NOUN
  score: 0.9992594122886658
- document: of
  token: pos
  start: 563
  end: 714
  tag: ADP
  score: 0.9998660087585449
- document: satisfaction
  token: pos
  start: 566
  end: 727
  tag: NOUN
  score: 0.9999043941497803
- document: .
  token: pos
  start: 578
  end: 728
  tag: PUNCT
  score: 0.9999979734420776
- start: 579
  end: 1278
  token: checkpoint
  tag: paragraph
  labels:
    paragraph: Three times a day for many
  order:
    - 0
    - 1
    - 3
- document: Three times a day
  token: entity
  start: 581
  end: 710
  tag: QUANTITY
  score: 0.9777846336364746
- document: Three
  token: pos
  start: 581
  end: 698
  tag: NUM
  score: 0.9993276596069336
- document: >-
    Three times a day for many months I had witnessed this performance, but
    custom had not reconciled my mind to it.
  token: sentence
  start: 581
  end: 693
- document: times
  token: pos
  start: 587
  end: 704
  tag: NOUN
  score: 0.997780978679657
- document: a
  token: pos
  start: 593
  end: 706
  tag: DET
  score: 0.9999581575393677
- document: day
  token: pos
  start: 595
  end: 710
  tag: NOUN
  score: 0.9999614953994751
- document: for
  token: pos
  start: 599
  end: 714
  tag: ADP
  score: 0.9967864751815796
- document: many months
  token: entity
  start: 603
  end: 726
  tag: QUANTITY
  score: 0.8045257329940796
- document: many
  token: pos
  start: 603
  end: 719
  tag: ADJ
  score: 0.9998540878295898
- document: months
  token: pos
  start: 608
  end: 726
  tag: NOUN
  score: 0.9999806880950928
- document: I
  token: pos
  start: 615
  end: 728
  tag: PRON
  score: 0.9999359846115112
- document: had
  token: pos
  start: 617
  end: 732
  tag: AUX
  score: 0.990382730960846
- document: witnessed
  token: pos
  start: 621
  end: 742
  tag: VERB
  score: 0.9999878406524658
- document: this
  token: pos
  start: 631
  end: 747
  tag: DET
  score: 0.9973905682563782
- document: performance
  token: pos
  start: 636
  end: 759
  tag: NOUN
  score: 0.9999812841415405
- document: ','
  token: pos
  start: 647
  end: 760
  tag: PUNCT
  score: 0.9999998807907104
- document: but
  token: pos
  start: 649
  end: 764
  tag: CONJ
  score: 0.9984434247016907
- document: custom
  token: pos
  start: 653
  end: 771
  tag: NOUN
  score: 0.9950717091560364
- document: had
  token: pos
  start: 660
  end: 775
  tag: AUX
  score: 0.9986695051193237
- document: not
  token: pos
  start: 664
  end: 779
  tag: PART
  score: 0.9972273707389832
- document: reconciled
  token: pos
  start: 668
  end: 790
  tag: VERB
  score: 0.999607503414154
- document: my
  token: pos
  start: 679
  end: 793
  tag: PRON
  score: 0.9999854564666748
- document: mind
  token: pos
  start: 682
  end: 798
  tag: NOUN
  score: 0.9996520280838013
- document: to
  token: pos
  start: 687
  end: 801
  tag: ADP
  score: 0.9999643564224243
- document: it
  token: pos
  start: 690
  end: 804
  tag: PRON
  score: 0.999902606010437
- document: .
  token: pos
  start: 692
  end: 805
  tag: PUNCT
  score: 0.9999971389770508
- document: >-
    On the contrary, from day to day I had become more irritable at the sight,
    and my conscience swelled nightly within me at the thought that I had lacked
    the courage to protest.
  token: sentence
  start: 694
  end: 869
- document: 'On'
  token: pos
  start: 694
  end: 871
  tag: ADP
  score: 0.9998984336853027
- document: the
  token: pos
  start: 697
  end: 875
  tag: DET
  score: 0.9999948740005493
- document: contrary
  token: pos
  start: 701
  end: 884
  tag: NOUN
  score: 0.86754310131073
- document: ','
  token: pos
  start: 709
  end: 885
  tag: PUNCT
  score: 0.9999988079071045
- document: from
  token: pos
  start: 711
  end: 890
  tag: ADP
  score: 0.9966171383857727
- document: day
  token: pos
  start: 716
  end: 894
  tag: NOUN
  score: 0.9987248778343201
- document: to
  token: pos
  start: 720
  end: 897
  tag: ADP
  score: 0.9796328544616699
- document: day
  token: pos
  start: 723
  end: 901
  tag: NOUN
  score: 0.998845100402832
- document: I
  token: pos
  start: 727
  end: 903
  tag: PRON
  score: 0.9999269247055054
- document: had
  token: pos
  start: 729
  end: 907
  tag: AUX
  score: 0.998796820640564
- document: become
  token: pos
  start: 733
  end: 914
  tag: VERB
  score: 0.9999984502792358
- document: more
  token: pos
  start: 740
  end: 919
  tag: ADV
  score: 0.9940561056137085
- document: irritable
  token: pos
  start: 745
  end: 929
  tag: ADJ
  score: 0.9979504942893982
- document: at
  token: pos
  start: 755
  end: 932
  tag: ADP
  score: 0.9999731779098511
- document: the
  token: pos
  start: 758
  end: 936
  tag: DET
  score: 0.9999959468841553
- document: sight
  token: pos
  start: 762
  end: 942
  tag: NOUN
  score: 0.9997954964637756
- document: ','
  token: pos
  start: 767
  end: 943
  tag: PUNCT
  score: 0.9999994039535522
- document: and
  token: pos
  start: 769
  end: 947
  tag: CONJ
  score: 0.9999985694885254
- document: my
  token: pos
  start: 773
  end: 950
  tag: PRON
  score: 0.9999861717224121
- document: conscience
  token: pos
  start: 776
  end: 961
  tag: NOUN
  score: 0.9999667406082153
- document: swelled
  token: pos
  start: 787
  end: 969
  tag: VERB
  score: 0.9989377856254578
- document: nightly
  token: pos
  start: 795
  end: 977
  tag: ADV
  score: 0.9623185992240906
- document: within
  token: pos
  start: 803
  end: 984
  tag: ADP
  score: 0.9985028505325317
- document: me
  token: pos
  start: 810
  end: 987
  tag: PRON
  score: 0.9999946355819702
- document: at
  token: pos
  start: 813
  end: 990
  tag: ADP
  score: 0.999578058719635
- document: the
  token: pos
  start: 816
  end: 994
  tag: DET
  score: 0.9999767541885376
- document: thought
  token: pos
  start: 820
  end: 1002
  tag: NOUN
  score: 0.9963319897651672
- document: that
  token: pos
  start: 828
  end: 1007
  tag: SCONJ
  score: 0.5558255314826965
- document: I
  token: pos
  start: 833
  end: 1009
  tag: PRON
  score: 0.9998923540115356
- document: had
  token: pos
  start: 835
  end: 1013
  tag: AUX
  score: 0.9949288368225098
- document: lacked
  token: pos
  start: 839
  end: 1020
  tag: VERB
  score: 0.9999890327453613
- document: the
  token: pos
  start: 846
  end: 1024
  tag: DET
  score: 0.9999926090240479
- document: courage
  token: pos
  start: 850
  end: 1032
  tag: NOUN
  score: 0.9996216297149658
- document: to
  token: pos
  start: 858
  end: 1035
  tag: PART
  score: 0.9230280518531799
- document: protest
  token: pos
  start: 861
  end: 1043
  tag: VERB
  score: 0.9984539747238159
- document: .
  token: pos
  start: 868
  end: 1044
  tag: PUNCT
  score: 0.9999983310699463
- document: Again
  token: pos
  start: 870
  end: 1120
  tag: ADV
  score: 0.9978771209716797
- document: >-
    Again and again I had registered a vow that I should deliver my soul upon
    the subject, but there was that in the cool, nonchalant air of my companion
    which made him the last man with whom one would care to take anything
    approaching to a liberty.
  token: sentence
  start: 870
  end: 1115
- document: and
  token: pos
  start: 876
  end: 1124
  tag: CONJ
  score: 0.9999922513961792
- document: again
  token: pos
  start: 880
  end: 1130
  tag: ADV
  score: 0.9997552037239075
- document: I
  token: pos
  start: 886
  end: 1132
  tag: PRON
  score: 0.9998682737350464
- document: had
  token: pos
  start: 888
  end: 1136
  tag: AUX
  score: 0.9902628660202026
- document: registered
  token: pos
  start: 892
  end: 1147
  tag: VERB
  score: 0.9999488592147827
- document: a
  token: pos
  start: 903
  end: 1149
  tag: DET
  score: 0.9999861717224121
- document: vow
  token: pos
  start: 905
  end: 1153
  tag: NOUN
  score: 0.9998006224632263
- document: that
  token: pos
  start: 909
  end: 1158
  tag: SCONJ
  score: 0.7545498013496399
- document: I
  token: pos
  start: 914
  end: 1160
  tag: PRON
  score: 0.9998494386672974
- document: should
  token: pos
  start: 916
  end: 1167
  tag: AUX
  score: 0.9999996423721313
- document: deliver
  token: pos
  start: 923
  end: 1175
  tag: VERB
  score: 0.9999978542327881
- document: my
  token: pos
  start: 931
  end: 1178
  tag: PRON
  score: 0.9999897480010986
- document: soul
  token: pos
  start: 934
  end: 1183
  tag: NOUN
  score: 0.999815046787262
- document: upon
  token: pos
  start: 939
  end: 1188
  tag: ADP
  score: 0.9997678399085999
- document: the
  token: pos
  start: 944
  end: 1192
  tag: DET
  score: 0.9999948740005493
- document: subject
  token: pos
  start: 948
  end: 1200
  tag: NOUN
  score: 0.9854542016983032
- document: ','
  token: pos
  start: 955
  end: 1201
  tag: PUNCT
  score: 0.9999998807907104
- document: but
  token: pos
  start: 957
  end: 1205
  tag: CONJ
  score: 0.9998219609260559
- document: there
  token: pos
  start: 961
  end: 1211
  tag: PRON
  score: 0.9994271993637085
- document: was
  token: pos
  start: 967
  end: 1215
  tag: VERB
  score: 0.9996687173843384
- document: that
  token: pos
  start: 971
  end: 1220
  tag: PRON
  score: 0.6421335935592651
- document: in
  token: pos
  start: 976
  end: 1223
  tag: ADP
  score: 0.9992892742156982
- document: the
  token: pos
  start: 979
  end: 1227
  tag: DET
  score: 0.9999876022338867
- document: cool
  token: pos
  start: 983
  end: 1232
  tag: ADJ
  score: 0.9489546418190002
- document: ','
  token: pos
  start: 987
  end: 1233
  tag: PUNCT
  score: 0.9999994039535522
- document: nonchalant
  token: pos
  start: 989
  end: 1244
  tag: ADJ
  score: 0.996091902256012
- document: air
  token: pos
  start: 1000
  end: 1248
  tag: NOUN
  score: 0.9999762773513794
- document: of
  token: pos
  start: 1004
  end: 1251
  tag: ADP
  score: 0.9986521601676941
- document: my
  token: pos
  start: 1007
  end: 1254
  tag: PRON
  score: 0.9999880790710449
- document: companion
  token: pos
  start: 1010
  end: 1264
  tag: NOUN
  score: 0.9998810291290283
- document: which
  token: pos
  start: 1020
  end: 1270
  tag: PRON
  score: 0.9999061822891235
- document: made
  token: pos
  start: 1026
  end: 1275
  tag: VERB
  score: 0.9999874830245972
- document: him
  token: pos
  start: 1031
  end: 1279
  tag: PRON
  score: 0.9999963045120239
- document: the
  token: pos
  start: 1035
  end: 1283
  tag: DET
  score: 0.999977707862854
- document: last
  token: pos
  start: 1039
  end: 1288
  tag: ADJ
  score: 0.9998389482498169
- document: man
  token: pos
  start: 1044
  end: 1292
  tag: NOUN
  score: 0.9999653100967407
- document: man
  token: entity
  start: 1044
  end: 1292
  tag: QUANTITY
  score: 0.5276265740394592
- document: with
  token: pos
  start: 1048
  end: 1297
  tag: ADP
  score: 0.9265568852424622
- document: whom
  token: pos
  start: 1053
  end: 1302
  tag: PRON
  score: 0.9998053908348083
- document: one
  token: pos
  start: 1058
  end: 1306
  tag: PRON
  score: 0.7296313643455505
- document: would
  token: pos
  start: 1062
  end: 1312
  tag: AUX
  score: 0.9999988079071045
- document: care
  token: pos
  start: 1068
  end: 1317
  tag: VERB
  score: 0.9989176988601685
- document: to
  token: pos
  start: 1073
  end: 1320
  tag: PART
  score: 0.999679446220398
- document: take
  token: pos
  start: 1076
  end: 1325
  tag: VERB
  score: 0.9999934434890747
- document: anything
  token: pos
  start: 1081
  end: 1334
  tag: PRON
  score: 0.9999890327453613
- document: approaching
  token: pos
  start: 1090
  end: 1346
  tag: VERB
  score: 0.9402410984039307
- document: to
  token: pos
  start: 1102
  end: 1349
  tag: ADP
  score: 0.9996868371963501
- document: a
  token: pos
  start: 1105
  end: 1351
  tag: DET
  score: 0.999991774559021
- document: liberty
  token: pos
  start: 1107
  end: 1359
  tag: NOUN
  score: 0.99928879737854
- document: .
  token: pos
  start: 1114
  end: 1360
  tag: PUNCT
  score: 0.9999960660934448
- document: >-
    His great powers, his masterly manner, and the experience which I had had of
    his many extraordinary qualities, all made me diffident and backward in
    crossing him.
  token: sentence
  start: 1116
  end: 1278
- document: His
  token: pos
  start: 1116
  end: 1281
  tag: PRON
  score: 0.9999967813491821
- document: great
  token: pos
  start: 1120
  end: 1287
  tag: ADJ
  score: 0.9996422529220581
- document: powers
  token: pos
  start: 1126
  end: 1294
  tag: NOUN
  score: 0.9998925924301147
- document: ','
  token: pos
  start: 1132
  end: 1295
  tag: PUNCT
  score: 0.9999996423721313
- document: his
  token: pos
  start: 1134
  end: 1299
  tag: PRON
  score: 0.9999991655349731
- document: masterly
  token: pos
  start: 1138
  end: 1308
  tag: ADJ
  score: 0.9974138736724854
- document: manner
  token: pos
  start: 1147
  end: 1315
  tag: NOUN
  score: 0.9998356103897095
- document: ','
  token: pos
  start: 1153
  end: 1316
  tag: PUNCT
  score: 0.9999991655349731
- document: and
  token: pos
  start: 1155
  end: 1320
  tag: CONJ
  score: 0.9999992847442627
- document: the
  token: pos
  start: 1159
  end: 1324
  tag: DET
  score: 0.9999802112579346
- document: experience
  token: pos
  start: 1163
  end: 1335
  tag: NOUN
  score: 0.999678373336792
- document: which
  token: pos
  start: 1174
  end: 1341
  tag: PRON
  score: 0.9997230172157288
- document: I
  token: pos
  start: 1180
  end: 1343
  tag: PRON
  score: 0.9998260140419006
- document: had
  token: pos
  start: 1182
  end: 1347
  tag: AUX
  score: 0.9351509809494019
- document: had
  token: pos
  start: 1186
  end: 1351
  tag: VERB
  score: 0.9956538677215576
- document: of
  token: pos
  start: 1190
  end: 1354
  tag: ADP
  score: 0.9944450259208679
- document: his
  token: pos
  start: 1193
  end: 1358
  tag: PRON
  score: 0.9999994039535522
- document: many
  token: entity
  start: 1197
  end: 1363
  tag: QUANTITY
  score: 0.5197608470916748
- document: many
  token: pos
  start: 1197
  end: 1363
  tag: ADJ
  score: 0.9989157915115356
- document: extraordinary
  token: pos
  start: 1202
  end: 1377
  tag: ADJ
  score: 0.9983260035514832
- document: qualities
  token: pos
  start: 1216
  end: 1387
  tag: NOUN
  score: 0.9998780488967896
- document: ','
  token: pos
  start: 1225
  end: 1388
  tag: PUNCT
  score: 0.9999996423721313
- document: all
  token: pos
  start: 1227
  end: 1392
  tag: DET
  score: 0.9646254777908325
- document: made
  token: pos
  start: 1231
  end: 1397
  tag: VERB
  score: 0.9999949932098389
- document: me
  token: pos
  start: 1236
  end: 1400
  tag: PRON
  score: 0.9999828338623047
- document: diffident
  token: pos
  start: 1239
  end: 1410
  tag: ADJ
  score: 0.992709755897522
- document: and
  token: pos
  start: 1249
  end: 1414
  tag: CONJ
  score: 0.999984860420227
- document: backward
  token: pos
  start: 1253
  end: 1423
  tag: ADJ
  score: 0.8777152299880981
- document: in
  token: pos
  start: 1262
  end: 1426
  tag: SCONJ
  score: 0.9777811169624329
- document: crossing
  token: pos
  start: 1265
  end: 1435
  tag: VERB
  score: 0.999508261680603
- document: him
  token: pos
  start: 1274
  end: 1439
  tag: PRON
  score: 0.999981164932251
- document: .
  token: pos
  start: 1277
  end: 1440
  tag: PUNCT
  score: 0.9999967813491821
- start: 1278
  end: 1495
  token: checkpoint
  tag: paragraph
  labels:
    paragraph: 'Yet upon that afternoon,'
  order:
    - 0
    - 1
    - 4
- document: Yet
  token: pos
  start: 1280
  end: 1498
  tag: CONJ
  score: 0.8142437934875488
- document: >-
    Yet upon that afternoon, whether it was the Beaune which I had taken with my
    lunch, or the additional exasperation produced by the extreme deliberation
    of his manner, I suddenly felt that I could hold out no longer.
  token: sentence
  start: 1280
  end: 1495
- document: upon
  token: pos
  start: 1284
  end: 1503
  tag: ADP
  score: 0.9981708526611328
- document: that afternoon
  token: entity
  start: 1289
  end: 1518
  tag: DATE
  score: 0.7780044674873352
- document: that
  token: pos
  start: 1289
  end: 1508
  tag: DET
  score: 0.9995017051696777
- document: afternoon
  token: pos
  start: 1294
  end: 1518
  tag: NOUN
  score: 0.9998916387557983
- document: ','
  token: pos
  start: 1303
  end: 1519
  tag: PUNCT
  score: 0.9999997615814209
- document: whether
  token: pos
  start: 1305
  end: 1527
  tag: SCONJ
  score: 0.9995325803756714
- document: it
  token: pos
  start: 1313
  end: 1530
  tag: PRON
  score: 0.999997615814209
- document: was
  token: pos
  start: 1316
  end: 1534
  tag: VERB
  score: 0.9986898303031921
- document: the
  token: pos
  start: 1320
  end: 1538
  tag: DET
  score: 0.9999853372573853
- document: Beaune
  token: pos
  start: 1324
  end: 1545
  tag: PROPN
  score: 0.9655975103378296
- document: Beaune
  token: entity
  start: 1324
  end: 1545
  tag: LOCATION
  score: 0.6885557770729065
- document: which
  token: pos
  start: 1331
  end: 1551
  tag: PRON
  score: 0.9998233914375305
- document: I
  token: pos
  start: 1337
  end: 1553
  tag: PRON
  score: 0.9998179078102112
- document: had
  token: pos
  start: 1339
  end: 1557
  tag: AUX
  score: 0.99513840675354
- document: taken
  token: pos
  start: 1343
  end: 1563
  tag: VERB
  score: 0.9999735355377197
- document: with
  token: pos
  start: 1349
  end: 1568
  tag: ADP
  score: 0.9991359114646912
- document: my
  token: pos
  start: 1354
  end: 1571
  tag: PRON
  score: 0.9999829530715942
- document: lunch
  token: pos
  start: 1357
  end: 1577
  tag: NOUN
  score: 0.9999212026596069
- document: ','
  token: pos
  start: 1362
  end: 1578
  tag: PUNCT
  score: 0.9999990463256836
- document: or
  token: pos
  start: 1364
  end: 1581
  tag: CONJ
  score: 0.9999994039535522
- document: the
  token: pos
  start: 1367
  end: 1585
  tag: DET
  score: 0.9999918937683105
- document: additional
  token: pos
  start: 1371
  end: 1596
  tag: ADJ
  score: 0.9993434548377991
- document: exasperation
  token: pos
  start: 1382
  end: 1609
  tag: NOUN
  score: 0.999984622001648
- document: produced
  token: pos
  start: 1395
  end: 1618
  tag: VERB
  score: 0.9994819760322571
- document: by
  token: pos
  start: 1404
  end: 1621
  tag: ADP
  score: 0.9994242191314697
- document: the
  token: pos
  start: 1407
  end: 1625
  tag: DET
  score: 0.9999982118606567
- document: extreme
  token: pos
  start: 1411
  end: 1633
  tag: ADJ
  score: 0.9924242496490479
- document: deliberation
  token: pos
  start: 1419
  end: 1646
  tag: NOUN
  score: 0.9999630451202393
- document: of
  token: pos
  start: 1432
  end: 1649
  tag: ADP
  score: 0.9997225403785706
- document: his
  token: pos
  start: 1435
  end: 1653
  tag: PRON
  score: 0.9999995231628418
- document: manner
  token: pos
  start: 1439
  end: 1660
  tag: NOUN
  score: 0.9998852014541626
- document: ','
  token: pos
  start: 1445
  end: 1661
  tag: PUNCT
  score: 0.9999998807907104
- document: I
  token: pos
  start: 1447
  end: 1663
  tag: PRON
  score: 0.9998077750205994
- document: suddenly
  token: pos
  start: 1449
  end: 1672
  tag: ADV
  score: 0.9999982118606567
- document: felt
  token: pos
  start: 1458
  end: 1677
  tag: VERB
  score: 0.9999743700027466
- document: that
  token: pos
  start: 1463
  end: 1682
  tag: SCONJ
  score: 0.9975554347038269
- document: I
  token: pos
  start: 1468
  end: 1684
  tag: PRON
  score: 0.9998776912689209
- document: could
  token: pos
  start: 1470
  end: 1690
  tag: AUX
  score: 0.9999996423721313
- document: hold
  token: pos
  start: 1476
  end: 1695
  tag: VERB
  score: 0.9998843669891357
- document: out
  token: pos
  start: 1481
  end: 1699
  tag: ADP
  score: 0.9199084043502808
- document: 'no'
  token: pos
  start: 1485
  end: 1702
  tag: ADV
  score: 0.6130728721618652
- document: longer
  token: pos
  start: 1488
  end: 1709
  tag: ADV
  score: 0.9735193848609924
- document: .
  token: pos
  start: 1494
  end: 1710
  tag: PUNCT
  score: 0.9999922513961792
- start: 1495
  end: 1550
  token: checkpoint
  tag: paragraph
  labels:
    paragraph: '“Which is it to-day?” I asked,'
  order:
    - 0
    - 1
    - 5
- document: “Which is it to-day?
  token: sentence
  start: 1497
  end: 1517
- document: “
  token: pos
  start: 1497
  end: 1518
  tag: PUNCT
  score: 0.9999986886978149
- document: Which
  token: pos
  start: 1498
  end: 1523
  tag: PRON
  score: 0.9987480640411377
- document: is
  token: pos
  start: 1504
  end: 1526
  tag: VERB
  score: 0.9957660436630249
- document: it
  token: pos
  start: 1507
  end: 1529
  tag: PRON
  score: 0.9997609257698059
- document: to
  token: pos
  start: 1510
  end: 1532
  tag: ADP
  score: 0.9150594472885132
- document: '-'
  token: pos
  start: 1512
  end: 1533
  tag: PUNCT
  score: 0.9999301433563232
- document: day
  token: pos
  start: 1513
  end: 1536
  tag: NOUN
  score: 0.9989688396453857
- document: '?'
  token: pos
  start: 1516
  end: 1537
  tag: PUNCT
  score: 0.999998927116394
- document: ”
  token: pos
  start: 1517
  end: 1550
  tag: PUNCT
  score: 0.9999966621398926
- document: '” I asked,—“morphine or cocaine?'
  token: sentence
  start: 1517
  end: 1549
- document: I
  token: pos
  start: 1519
  end: 1552
  tag: PRON
  score: 0.9997580647468567
- document: asked
  token: pos
  start: 1521
  end: 1558
  tag: VERB
  score: 0.9999784231185913
- document: ','
  token: pos
  start: 1526
  end: 1559
  tag: PUNCT
  score: 0.9999974966049194
- document: —
  token: pos
  start: 1527
  end: 1560
  tag: PUNCT
  score: 0.9561736583709717
- document: “
  token: pos
  start: 1528
  end: 1561
  tag: PUNCT
  score: 0.9999957084655762
- document: morphine
  token: pos
  start: 1529
  end: 1569
  tag: NOUN
  score: 0.9839989542961121
- document: morphine
  token: entity
  start: 1529
  end: 1569
  tag: OTHER
  score: 0.6839982867240906
- document: or
  token: pos
  start: 1538
  end: 1572
  tag: CONJ
  score: 0.9999994039535522
- document: cocaine
  token: entity
  start: 1541
  end: 1580
  tag: OTHER
  score: 0.7368080615997314
- document: cocaine
  token: pos
  start: 1541
  end: 1580
  tag: NOUN
  score: 0.999382734298706
- document: '?'
  token: pos
  start: 1548
  end: 1581
  tag: PUNCT
  score: 0.9999991655349731
- document: ”
  token: sentence
  start: 1549
  end: 1550
- document: ”
  token: pos
  start: 1549
  end: 1551
  tag: PUNCT
  score: 0.9999996423721313
- start: 1550
  end: 1715
  token: checkpoint
  tag: paragraph
  labels:
    paragraph: He raised his eyes languidly
  order:
    - 0
    - 1
    - 6
- document: >-
    He raised his eyes languidly from the old black-letter volume which he had
    opened.
  token: sentence
  start: 1552
  end: 1634
- document: He
  token: pos
  start: 1552
  end: 1636
  tag: PRON
  score: 0.9999054670333862
- document: raised
  token: pos
  start: 1555
  end: 1643
  tag: VERB
  score: 0.9999978542327881
- document: his
  token: pos
  start: 1562
  end: 1647
  tag: PRON
  score: 0.9999996423721313
- document: eyes
  token: pos
  start: 1566
  end: 1652
  tag: NOUN
  score: 0.9998155236244202
- document: languidly
  token: pos
  start: 1571
  end: 1662
  tag: ADV
  score: 0.998155415058136
- document: from
  token: pos
  start: 1581
  end: 1667
  tag: ADP
  score: 0.9989896416664124
- document: the
  token: pos
  start: 1586
  end: 1671
  tag: DET
  score: 0.9999966621398926
- document: old
  token: pos
  start: 1590
  end: 1675
  tag: ADJ
  score: 0.9995299577713013
- document: black
  token: pos
  start: 1594
  end: 1681
  tag: ADJ
  score: 0.9374892711639404
- document: '-'
  token: pos
  start: 1599
  end: 1682
  tag: PUNCT
  score: 0.9999736547470093
- document: letter
  token: pos
  start: 1600
  end: 1688
  tag: NOUN
  score: 0.9999045133590698
- document: volume
  token: pos
  start: 1607
  end: 1695
  tag: NOUN
  score: 0.9999793767929077
- document: which
  token: pos
  start: 1614
  end: 1701
  tag: PRON
  score: 0.9998249411582947
- document: he
  token: pos
  start: 1620
  end: 1704
  tag: PRON
  score: 0.999992847442627
- document: had
  token: pos
  start: 1623
  end: 1708
  tag: AUX
  score: 0.9978675842285156
- document: opened
  token: pos
  start: 1627
  end: 1715
  tag: VERB
  score: 0.9998589754104614
- document: .
  token: pos
  start: 1633
  end: 1716
  tag: PUNCT
  score: 0.9999990463256836
- document: “
  token: pos
  start: 1635
  end: 1689
  tag: PUNCT
  score: 0.9999995231628418
- document: '“It is cocaine,” he said,—“a seven-per-cent solution.'
  token: sentence
  start: 1635
  end: 1688
- document: It
  token: pos
  start: 1636
  end: 1691
  tag: PRON
  score: 0.9999618530273438
- document: is
  token: pos
  start: 1639
  end: 1694
  tag: VERB
  score: 0.9915185570716858
- document: cocaine
  token: pos
  start: 1642
  end: 1702
  tag: NOUN
  score: 0.8756311535835266
- document: ','
  token: pos
  start: 1649
  end: 1703
  tag: PUNCT
  score: 0.9999998807907104
- document: ”
  token: pos
  start: 1650
  end: 1704
  tag: PUNCT
  score: 0.9999985694885254
- document: he
  token: pos
  start: 1652
  end: 1707
  tag: PRON
  score: 0.9999943971633911
- document: said
  token: pos
  start: 1655
  end: 1712
  tag: VERB
  score: 0.999998927116394
- document: ','
  token: pos
  start: 1659
  end: 1713
  tag: PUNCT
  score: 0.9999969005584717
- document: —
  token: pos
  start: 1660
  end: 1714
  tag: PUNCT
  score: 0.9559518098831177
- document: “
  token: pos
  start: 1661
  end: 1715
  tag: PUNCT
  score: 0.9999977350234985
- document: a
  token: pos
  start: 1662
  end: 1716
  tag: DET
  score: 0.9999818801879883
- document: seven
  token: pos
  start: 1664
  end: 1722
  tag: NUM
  score: 0.9991663694381714
- document: seven-per-cent
  token: entity
  start: 1664
  end: 1731
  tag: QUANTITY
  score: 0.9946824312210083
- document: '-'
  token: pos
  start: 1669
  end: 1723
  tag: PUNCT
  score: 0.9999703168869019
- document: per
  token: pos
  start: 1670
  end: 1726
  tag: ADP
  score: 0.9627138376235962
- document: '-'
  token: pos
  start: 1673
  end: 1727
  tag: PUNCT
  score: 0.9999949932098389
- document: cent
  token: pos
  start: 1674
  end: 1731
  tag: NOUN
  score: 0.9992146492004395
- document: solution
  token: pos
  start: 1679
  end: 1740
  tag: NOUN
  score: 0.9999943971633911
- document: .
  token: pos
  start: 1687
  end: 1741
  tag: PUNCT
  score: 0.9999986886978149
- document: Would
  token: pos
  start: 1689
  end: 1719
  tag: AUX
  score: 0.9999850988388062
- document: Would you care to try it?
  token: sentence
  start: 1689
  end: 1714
- document: you
  token: pos
  start: 1695
  end: 1723
  tag: PRON
  score: 0.9999985694885254
- document: care
  token: pos
  start: 1699
  end: 1728
  tag: VERB
  score: 0.9993777275085449
- document: to
  token: pos
  start: 1704
  end: 1731
  tag: PART
  score: 0.9997050166130066
- document: try
  token: pos
  start: 1707
  end: 1735
  tag: VERB
  score: 0.9999972581863403
- document: it
  token: pos
  start: 1711
  end: 1738
  tag: PRON
  score: 0.999919056892395
- document: '?'
  token: pos
  start: 1713
  end: 1739
  tag: PUNCT
  score: 0.9999977350234985
- document: ”
  token: pos
  start: 1714
  end: 1716
  tag: PUNCT
  score: 0.9999996423721313
- document: ”
  token: sentence
  start: 1714
  end: 1715
- start: 1715
  end: 1865
  token: checkpoint
  tag: paragraph
  labels:
    paragraph: '“No, indeed,” I answered,'
  order:
    - 0
    - 1
    - 7
- document: '“No, indeed,” I answered, brusquely.'
  token: sentence
  start: 1717
  end: 1753
- document: “
  token: pos
  start: 1717
  end: 1754
  tag: PUNCT
  score: 0.9999957084655762
- document: 'No'
  token: pos
  start: 1718
  end: 1756
  tag: INTJ
  score: 0.9831817746162415
- document: ','
  token: pos
  start: 1720
  end: 1757
  tag: PUNCT
  score: 0.9999996423721313
- document: indeed
  token: pos
  start: 1722
  end: 1764
  tag: ADV
  score: 0.9993163347244263
- document: ','
  token: pos
  start: 1728
  end: 1765
  tag: PUNCT
  score: 0.9999998807907104
- document: ”
  token: pos
  start: 1729
  end: 1766
  tag: PUNCT
  score: 0.999997615814209
- document: I
  token: pos
  start: 1731
  end: 1768
  tag: PRON
  score: 0.9998273253440857
- document: answered
  token: pos
  start: 1733
  end: 1777
  tag: VERB
  score: 0.9999266862869263
- document: ','
  token: pos
  start: 1741
  end: 1778
  tag: PUNCT
  score: 0.999997615814209
- document: brusquely
  token: pos
  start: 1743
  end: 1788
  tag: ADV
  score: 0.9991071820259094
- document: .
  token: pos
  start: 1752
  end: 1789
  tag: PUNCT
  score: 0.9999938011169434
- document: “
  token: pos
  start: 1754
  end: 1813
  tag: PUNCT
  score: 0.9999991655349731
- document: “My constitution has not got over the Afghan campaign yet.
  token: sentence
  start: 1754
  end: 1812
- document: My
  token: pos
  start: 1755
  end: 1815
  tag: PRON
  score: 0.9998842477798462
- document: constitution
  token: pos
  start: 1758
  end: 1828
  tag: NOUN
  score: 0.999937891960144
- document: has
  token: pos
  start: 1771
  end: 1832
  tag: AUX
  score: 0.9997124075889587
- document: not
  token: pos
  start: 1775
  end: 1836
  tag: PART
  score: 0.9980435371398926
- document: got
  token: pos
  start: 1779
  end: 1840
  tag: VERB
  score: 0.9985975623130798
- document: over
  token: pos
  start: 1783
  end: 1845
  tag: ADP
  score: 0.9900538921356201
- document: the
  token: pos
  start: 1788
  end: 1849
  tag: DET
  score: 0.9999971389770508
- document: Afghan
  token: entity
  start: 1792
  end: 1856
  tag: OTHER
  score: 0.9200339317321777
- document: Afghan
  token: pos
  start: 1792
  end: 1856
  tag: ADJ
  score: 0.8546553254127502
- document: campaign
  token: pos
  start: 1799
  end: 1865
  tag: NOUN
  score: 0.9999088048934937
- document: yet
  token: pos
  start: 1808
  end: 1869
  tag: ADV
  score: 0.9725823998451233
- document: .
  token: pos
  start: 1811
  end: 1870
  tag: PUNCT
  score: 0.9999972581863403
- document: |
    I cannot afford to throw any extra strain upon it.”
  token: sentence
  start: 1813
  end: 1865
- document: I
  token: pos
  start: 1813
  end: 1866
  tag: PRON
  score: 0.9999799728393555
- document: can
  token: pos
  start: 1815
  end: 1870
  tag: AUX
  score: 0.9999985694885254
- document: not
  token: pos
  start: 1818
  end: 1873
  tag: PART
  score: 0.9991884827613831
- document: afford
  token: pos
  start: 1822
  end: 1880
  tag: VERB
  score: 0.999945878982544
- document: to
  token: pos
  start: 1829
  end: 1883
  tag: PART
  score: 0.9995563626289368
- document: throw
  token: pos
  start: 1832
  end: 1889
  tag: VERB
  score: 0.999984860420227
- document: any
  token: pos
  start: 1838
  end: 1893
  tag: DET
  score: 0.999669075012207
- document: extra
  token: pos
  start: 1842
  end: 1899
  tag: ADJ
  score: 0.9972400665283203
- document: strain
  token: pos
  start: 1848
  end: 1906
  tag: NOUN
  score: 0.9998443126678467
- document: upon
  token: pos
  start: 1855
  end: 1911
  tag: ADP
  score: 0.9996515512466431
- document: it
  token: pos
  start: 1860
  end: 1914
  tag: PRON
  score: 0.999933123588562
- document: .
  token: pos
  start: 1862
  end: 1915
  tag: PUNCT
  score: 0.999993085861206
- document: ”
  token: pos
  start: 1863
  end: 1916
  tag: PUNCT
  score: 1
