- document: the
  token: word
  start: 0
  end: 3
- document: sign
  token: word
  start: 3
  end: 7
- document: of
  token: word
  start: 7
  end: 9
- document: the
  token: word
  start: 9
  end: 12
- document: four
  token: word
  start: 12
  end: 16
- document: chapter
  token: word
  start: 38
  end: 45
- document: i
  token: word
  start: 45
  end: 46
- document: the
  token: word
  start: 58
  end: 61
- document: science
  token: word
  start: 61
  end: 68
- document: of
  token: word
  start: 68
  end: 70
- document: deduction
  token: word
  start: 70
  end: 79
- document: sherlock
  token: word
  start: 105
  end: 113
- document: holmes
  token: word
  start: 113
  end: 119
- document: took
  token: word
  start: 119
  end: 123
- document: his
  token: word
  start: 123
  end: 126
- document: bottle
  token: word
  start: 126
  end: 132
- document: from
  token: word
  start: 132
  end: 136
- document: the
  token: word
  start: 136
  end: 139
- document: corner
  token: word
  start: 139
  end: 145
- document: of
  token: word
  start: 145
  end: 147
- document: the
  token: word
  start: 147
  end: 150
- document: mantelpiece
  token: word
  start: 150
  end: 161
- document: and
  token: word
  start: 161
  end: 164
- document: his
  token: word
  start: 164
  end: 167
- document: hypodermic
  token: word
  start: 167
  end: 177
- document: syringe
  token: word
  start: 177
  end: 184
- document: from
  token: word
  start: 184
  end: 188
- document: its
  token: word
  start: 188
  end: 191
- document: neat
  token: word
  start: 191
  end: 195
- document: morocco
  token: word
  start: 195
  end: 202
- document: case
  token: word
  start: 202
  end: 206
- document: with
  token: word
  start: 206
  end: 210
- document: his
  token: word
  start: 210
  end: 213
- document: long
  token: word
  start: 213
  end: 217
- document: white
  token: word
  start: 217
  end: 222
- document: nervous
  token: word
  start: 222
  end: 229
- document: fingers
  token: word
  start: 229
  end: 236
- document: he
  token: word
  start: 236
  end: 238
- document: adjusted
  token: word
  start: 238
  end: 246
- document: the
  token: word
  start: 246
  end: 249
- document: delicate
  token: word
  start: 249
  end: 257
- document: needle
  token: word
  start: 257
  end: 263
- document: and
  token: word
  start: 263
  end: 266
- document: rolled
  token: word
  start: 266
  end: 272
- document: back
  token: word
  start: 272
  end: 276
- document: his
  token: word
  start: 276
  end: 279
- document: left
  token: word
  start: 279
  end: 283
- document: shirt
  token: word
  start: 283
  end: 288
- document: cuff
  token: word
  start: 288
  end: 292
- document: for
  token: word
  start: 292
  end: 295
- document: some
  token: word
  start: 295
  end: 299
- document: little
  token: word
  start: 299
  end: 305
- document: time
  token: word
  start: 305
  end: 309
- document: his
  token: word
  start: 309
  end: 312
- document: eyes
  token: word
  start: 312
  end: 316
- document: rested
  token: word
  start: 316
  end: 322
- document: thoughtfully
  token: word
  start: 322
  end: 334
- document: upon
  token: word
  start: 334
  end: 338
- document: the
  token: word
  start: 338
  end: 341
- document: sinewy
  token: word
  start: 341
  end: 347
- document: forearm
  token: word
  start: 347
  end: 354
- document: and
  token: word
  start: 354
  end: 357
- document: wrist
  token: word
  start: 357
  end: 362
- document: all
  token: word
  start: 362
  end: 365
- document: dotted
  token: word
  start: 365
  end: 371
- document: and
  token: word
  start: 371
  end: 374
- document: scarred
  token: word
  start: 374
  end: 381
- document: with
  token: word
  start: 381
  end: 385
- document: innumerable
  token: word
  start: 385
  end: 396
- document: puncture
  token: word
  start: 396
  end: 404
- document: marks
  token: word
  start: 404
  end: 409
- document: finally
  token: word
  start: 409
  end: 416
- document: he
  token: word
  start: 416
  end: 418
- document: thrust
  token: word
  start: 418
  end: 424
- document: the
  token: word
  start: 424
  end: 427
- document: sharp
  token: word
  start: 427
  end: 432
- document: point
  token: word
  start: 432
  end: 437
- document: home
  token: word
  start: 437
  end: 441
- document: pressed
  token: word
  start: 441
  end: 448
- document: down
  token: word
  start: 448
  end: 452
- document: the
  token: word
  start: 452
  end: 455
- document: tiny
  token: word
  start: 455
  end: 459
- document: piston
  token: word
  start: 459
  end: 465
- document: and
  token: word
  start: 465
  end: 468
- document: sank
  token: word
  start: 468
  end: 472
- document: back
  token: word
  start: 472
  end: 476
- document: into
  token: word
  start: 476
  end: 480
- document: the
  token: word
  start: 480
  end: 483
- document: velvet
  token: word
  start: 483
  end: 489
- document: lined
  token: word
  start: 489
  end: 494
- document: arm
  token: word
  start: 494
  end: 497
- document: chair
  token: word
  start: 497
  end: 502
- document: with
  token: word
  start: 502
  end: 506
- document: a
  token: word
  start: 506
  end: 507
- document: long
  token: word
  start: 507
  end: 511
- document: sigh
  token: word
  start: 511
  end: 515
- document: of
  token: word
  start: 515
  end: 517
- document: satisfaction
  token: word
  start: 517
  end: 529
- document: three
  token: word
  start: 1050
  end: 1055
- document: times
  token: word
  start: 1055
  end: 1060
- document: a
  token: word
  start: 1060
  end: 1061
- document: day
  token: word
  start: 1061
  end: 1064
- document: for
  token: word
  start: 1064
  end: 1067
- document: many
  token: word
  start: 1067
  end: 1071
- document: months
  token: word
  start: 1071
  end: 1077
- document: i
  token: word
  start: 1077
  end: 1078
- document: had
  token: word
  start: 1078
  end: 1081
- document: witnessed
  token: word
  start: 1081
  end: 1090
- document: this
  token: word
  start: 1090
  end: 1094
- document: performance
  token: word
  start: 1094
  end: 1105
- document: but
  token: word
  start: 1105
  end: 1108
- document: custom
  token: word
  start: 1108
  end: 1114
- document: had
  token: word
  start: 1114
  end: 1117
- document: not
  token: word
  start: 1117
  end: 1120
- document: reconciled
  token: word
  start: 1120
  end: 1130
- document: my
  token: word
  start: 1130
  end: 1132
- document: mind
  token: word
  start: 1132
  end: 1136
- document: to
  token: word
  start: 1136
  end: 1138
- document: it
  token: word
  start: 1138
  end: 1140
- document: 'on'
  token: word
  start: 1140
  end: 1142
- document: the
  token: word
  start: 1142
  end: 1145
- document: contrary
  token: word
  start: 1145
  end: 1153
- document: from
  token: word
  start: 1153
  end: 1157
- document: day
  token: word
  start: 1157
  end: 1160
- document: to
  token: word
  start: 1160
  end: 1162
- document: day
  token: word
  start: 1162
  end: 1165
- document: i
  token: word
  start: 1165
  end: 1166
- document: had
  token: word
  start: 1166
  end: 1169
- document: become
  token: word
  start: 1169
  end: 1175
- document: more
  token: word
  start: 1175
  end: 1179
- document: irritable
  token: word
  start: 1179
  end: 1188
- document: at
  token: word
  start: 1188
  end: 1190
- document: the
  token: word
  start: 1190
  end: 1193
- document: sight
  token: word
  start: 1193
  end: 1198
- document: and
  token: word
  start: 1198
  end: 1201
- document: my
  token: word
  start: 1201
  end: 1203
- document: conscience
  token: word
  start: 1203
  end: 1213
- document: swelled
  token: word
  start: 1213
  end: 1220
- document: nightly
  token: word
  start: 1220
  end: 1227
- document: within
  token: word
  start: 1227
  end: 1233
- document: me
  token: word
  start: 1233
  end: 1235
- document: at
  token: word
  start: 1235
  end: 1237
- document: the
  token: word
  start: 1237
  end: 1240
- document: thought
  token: word
  start: 1240
  end: 1247
- document: that
  token: word
  start: 1247
  end: 1251
- document: i
  token: word
  start: 1251
  end: 1252
- document: had
  token: word
  start: 1252
  end: 1255
- document: lacked
  token: word
  start: 1255
  end: 1261
- document: the
  token: word
  start: 1261
  end: 1264
- document: courage
  token: word
  start: 1264
  end: 1271
- document: to
  token: word
  start: 1271
  end: 1273
- document: protest
  token: word
  start: 1273
  end: 1280
- document: again
  token: word
  start: 1280
  end: 1285
- document: and
  token: word
  start: 1285
  end: 1288
- document: again
  token: word
  start: 1288
  end: 1293
- document: i
  token: word
  start: 1293
  end: 1294
- document: had
  token: word
  start: 1294
  end: 1297
- document: registered
  token: word
  start: 1297
  end: 1307
- document: a
  token: word
  start: 1307
  end: 1308
- document: vow
  token: word
  start: 1308
  end: 1311
- document: that
  token: word
  start: 1311
  end: 1315
- document: i
  token: word
  start: 1315
  end: 1316
- document: should
  token: word
  start: 1316
  end: 1322
- document: deliver
  token: word
  start: 1322
  end: 1329
- document: my
  token: word
  start: 1329
  end: 1331
- document: soul
  token: word
  start: 1331
  end: 1335
- document: upon
  token: word
  start: 1335
  end: 1339
- document: the
  token: word
  start: 1339
  end: 1342
- document: subject
  token: word
  start: 1342
  end: 1349
- document: but
  token: word
  start: 1349
  end: 1352
- document: there
  token: word
  start: 1352
  end: 1357
- document: was
  token: word
  start: 1357
  end: 1360
- document: that
  token: word
  start: 1360
  end: 1364
- document: in
  token: word
  start: 1364
  end: 1366
- document: the
  token: word
  start: 1366
  end: 1369
- document: cool
  token: word
  start: 1369
  end: 1373
- document: nonchalant
  token: word
  start: 1373
  end: 1383
- document: air
  token: word
  start: 1383
  end: 1386
- document: of
  token: word
  start: 1386
  end: 1388
- document: my
  token: word
  start: 1388
  end: 1390
- document: companion
  token: word
  start: 1390
  end: 1399
- document: which
  token: word
  start: 1399
  end: 1404
- document: made
  token: word
  start: 1404
  end: 1408
- document: him
  token: word
  start: 1408
  end: 1411
- document: the
  token: word
  start: 1411
  end: 1414
- document: last
  token: word
  start: 1414
  end: 1418
- document: man
  token: word
  start: 1418
  end: 1421
- document: with
  token: word
  start: 1421
  end: 1425
- document: whom
  token: word
  start: 1425
  end: 1429
- document: one
  token: word
  start: 1429
  end: 1432
- document: would
  token: word
  start: 1432
  end: 1437
- document: care
  token: word
  start: 1437
  end: 1441
- document: to
  token: word
  start: 1441
  end: 1443
- document: take
  token: word
  start: 1443
  end: 1447
- document: anything
  token: word
  start: 1447
  end: 1455
- document: approaching
  token: word
  start: 1455
  end: 1466
- document: to
  token: word
  start: 1466
  end: 1468
- document: a
  token: word
  start: 1468
  end: 1469
- document: liberty
  token: word
  start: 1469
  end: 1476
- document: his
  token: word
  start: 1476
  end: 1479
- document: great
  token: word
  start: 1479
  end: 1484
- document: powers
  token: word
  start: 1484
  end: 1490
- document: his
  token: word
  start: 1490
  end: 1493
- document: masterly
  token: word
  start: 1493
  end: 1501
- document: manner
  token: word
  start: 1501
  end: 1507
- document: and
  token: word
  start: 1507
  end: 1510
- document: the
  token: word
  start: 1510
  end: 1513
- document: experience
  token: word
  start: 1513
  end: 1523
- document: which
  token: word
  start: 1523
  end: 1528
- document: i
  token: word
  start: 1528
  end: 1529
- document: had
  token: word
  start: 1529
  end: 1532
- document: had
  token: word
  start: 1532
  end: 1535
- document: of
  token: word
  start: 1535
  end: 1537
- document: his
  token: word
  start: 1537
  end: 1540
- document: many
  token: word
  start: 1540
  end: 1544
- document: extraordinary
  token: word
  start: 1544
  end: 1557
- document: qualities
  token: word
  start: 1557
  end: 1566
- document: all
  token: word
  start: 1566
  end: 1569
- document: made
  token: word
  start: 1569
  end: 1573
- document: me
  token: word
  start: 1573
  end: 1575
- document: diffident
  token: word
  start: 1575
  end: 1584
- document: and
  token: word
  start: 1584
  end: 1587
- document: backward
  token: word
  start: 1587
  end: 1595
- document: in
  token: word
  start: 1595
  end: 1597
- document: crossing
  token: word
  start: 1597
  end: 1605
- document: him
  token: word
  start: 1605
  end: 1608
- document: yet
  token: word
  start: 2307
  end: 2310
- document: upon
  token: word
  start: 2310
  end: 2314
- document: that
  token: word
  start: 2314
  end: 2318
- document: afternoon
  token: word
  start: 2318
  end: 2327
- document: whether
  token: word
  start: 2327
  end: 2334
- document: it
  token: word
  start: 2334
  end: 2336
- document: was
  token: word
  start: 2336
  end: 2339
- document: the
  token: word
  start: 2339
  end: 2342
- document: beaune
  token: word
  start: 2342
  end: 2348
- document: which
  token: word
  start: 2348
  end: 2353
- document: i
  token: word
  start: 2353
  end: 2354
- document: had
  token: word
  start: 2354
  end: 2357
- document: taken
  token: word
  start: 2357
  end: 2362
- document: with
  token: word
  start: 2362
  end: 2366
- document: my
  token: word
  start: 2366
  end: 2368
- document: lunch
  token: word
  start: 2368
  end: 2373
- document: or
  token: word
  start: 2373
  end: 2375
- document: the
  token: word
  start: 2375
  end: 2378
- document: additional
  token: word
  start: 2378
  end: 2388
- document: exasperation
  token: word
  start: 2388
  end: 2400
- document: produced
  token: word
  start: 2400
  end: 2408
- document: by
  token: word
  start: 2408
  end: 2410
- document: the
  token: word
  start: 2410
  end: 2413
- document: extreme
  token: word
  start: 2413
  end: 2420
- document: deliberation
  token: word
  start: 2420
  end: 2432
- document: of
  token: word
  start: 2432
  end: 2434
- document: his
  token: word
  start: 2434
  end: 2437
- document: manner
  token: word
  start: 2437
  end: 2443
- document: i
  token: word
  start: 2443
  end: 2444
- document: suddenly
  token: word
  start: 2444
  end: 2452
- document: felt
  token: word
  start: 2452
  end: 2456
- document: that
  token: word
  start: 2456
  end: 2460
- document: i
  token: word
  start: 2460
  end: 2461
- document: could
  token: word
  start: 2461
  end: 2466
- document: hold
  token: word
  start: 2466
  end: 2470
- document: out
  token: word
  start: 2470
  end: 2473
- document: 'no'
  token: word
  start: 2473
  end: 2475
- document: longer
  token: word
  start: 2475
  end: 2481
- document: which
  token: word
  start: 2698
  end: 2703
- document: is
  token: word
  start: 2703
  end: 2705
- document: it
  token: word
  start: 2705
  end: 2707
- document: to
  token: word
  start: 2707
  end: 2709
- document: day
  token: word
  start: 2709
  end: 2712
- document: i
  token: word
  start: 2712
  end: 2713
- document: asked
  token: word
  start: 2713
  end: 2718
- document: morphine
  token: word
  start: 2718
  end: 2726
- document: or
  token: word
  start: 2726
  end: 2728
- document: cocaine
  token: word
  start: 2728
  end: 2735
- document: he
  token: word
  start: 2790
  end: 2792
- document: raised
  token: word
  start: 2792
  end: 2798
- document: his
  token: word
  start: 2798
  end: 2801
- document: eyes
  token: word
  start: 2801
  end: 2805
- document: languidly
  token: word
  start: 2805
  end: 2814
- document: from
  token: word
  start: 2814
  end: 2818
- document: the
  token: word
  start: 2818
  end: 2821
- document: old
  token: word
  start: 2821
  end: 2824
- document: black
  token: word
  start: 2824
  end: 2829
- document: letter
  token: word
  start: 2829
  end: 2835
- document: volume
  token: word
  start: 2835
  end: 2841
- document: which
  token: word
  start: 2841
  end: 2846
- document: he
  token: word
  start: 2846
  end: 2848
- document: had
  token: word
  start: 2848
  end: 2851
- document: opened
  token: word
  start: 2851
  end: 2857
- document: it
  token: word
  start: 2857
  end: 2859
- document: is
  token: word
  start: 2859
  end: 2861
- document: cocaine
  token: word
  start: 2861
  end: 2868
- document: he
  token: word
  start: 2868
  end: 2870
- document: said
  token: word
  start: 2870
  end: 2874
- document: a
  token: word
  start: 2874
  end: 2875
- document: seven
  token: word
  start: 2875
  end: 2880
- document: per
  token: word
  start: 2880
  end: 2883
- document: cent
  token: word
  start: 2883
  end: 2887
- document: solution
  token: word
  start: 2887
  end: 2895
- document: would
  token: word
  start: 2895
  end: 2900
- document: you
  token: word
  start: 2900
  end: 2903
- document: care
  token: word
  start: 2903
  end: 2907
- document: to
  token: word
  start: 2907
  end: 2909
- document: try
  token: word
  start: 2909
  end: 2912
- document: it
  token: word
  start: 2912
  end: 2914
- document: 'no'
  token: word
  start: 3079
  end: 3081
- document: indeed
  token: word
  start: 3081
  end: 3087
- document: i
  token: word
  start: 3087
  end: 3088
- document: answered
  token: word
  start: 3088
  end: 3096
- document: brusquely
  token: word
  start: 3096
  end: 3105
- document: my
  token: word
  start: 3105
  end: 3107
- document: constitution
  token: word
  start: 3107
  end: 3119
- document: has
  token: word
  start: 3119
  end: 3122
- document: not
  token: word
  start: 3122
  end: 3125
- document: got
  token: word
  start: 3125
  end: 3128
- document: over
  token: word
  start: 3128
  end: 3132
- document: the
  token: word
  start: 3132
  end: 3135
- document: afghan
  token: word
  start: 3135
  end: 3141
- document: campaign
  token: word
  start: 3141
  end: 3149
- document: yet
  token: word
  start: 3149
  end: 3152
- document: i
  token: word
  start: 3152
  end: 3153
- document: cannot
  token: word
  start: 3153
  end: 3159
- document: afford
  token: word
  start: 3159
  end: 3165
- document: to
  token: word
  start: 3165
  end: 3167
- document: throw
  token: word
  start: 3167
  end: 3172
- document: any
  token: word
  start: 3172
  end: 3175
- document: extra
  token: word
  start: 3175
  end: 3180
- document: strain
  token: word
  start: 3180
  end: 3186
- document: upon
  token: word
  start: 3186
  end: 3190
- document: it
  token: word
  start: 3190
  end: 3192
