- score: 0.99
  document: The
  start: 0
  end: 3
  tag: DT
  token: pos
- score: 0.99
  document: Sign
  start: 4
  end: 8
  tag: VB
  token: pos
- score: 0.99
  document: of
  start: 9
  end: 11
  tag: IN
  token: pos
- score: 0.99
  document: the
  start: 12
  end: 15
  tag: DT
  token: pos
- score: 0.99
  document: Four
  start: 16
  end: 20
  tag: CD
  token: pos
- score: 0.99
  document: The
  start: 22
  end: 25
  tag: DT
  token: pos
- score: 0.99
  document: Sign
  start: 26
  end: 30
  tag: VB
  token: pos
- score: 0.99
  document: of
  start: 31
  end: 33
  tag: IN
  token: pos
- score: 0.99
  document: the
  start: 34
  end: 37
  tag: DT
  token: pos
- score: 0.99
  document: Four
  start: 38
  end: 42
  tag: CD
  token: pos
- score: 0.99
  document: The
  start: 34
  end: 37
  tag: DT
  token: pos
- score: 0.99
  document: Sign
  start: 38
  end: 42
  tag: VB
  token: pos
- score: 0.99
  document: of
  start: 43
  end: 45
  tag: IN
  token: pos
- score: 0.99
  document: the
  start: 46
  end: 49
  tag: DT
  token: pos
- score: 0.99
  document: Four
  start: 50
  end: 54
  tag: CD
  token: pos
- score: 0.99
  document: The
  start: 60
  end: 63
  tag: DT
  token: pos
- score: 0.99
  document: Sign
  start: 64
  end: 68
  tag: VB
  token: pos
- score: 0.99
  document: of
  start: 69
  end: 71
  tag: IN
  token: pos
- score: 0.99
  document: the
  start: 72
  end: 75
  tag: DT
  token: pos
- score: 0.99
  document: Four
  start: 76
  end: 80
  tag: CD
  token: pos
- score: 0.99
  document: The
  start: 581
  end: 584
  tag: DT
  token: pos
- score: 0.99
  document: Sign
  start: 585
  end: 589
  tag: VB
  token: pos
- score: 0.99
  document: of
  start: 590
  end: 592
  tag: IN
  token: pos
- score: 0.99
  document: the
  start: 593
  end: 596
  tag: DT
  token: pos
- score: 0.99
  document: Four
  start: 597
  end: 601
  tag: CD
  token: pos
- score: 0.99
  document: The
  start: 1280
  end: 1283
  tag: DT
  token: pos
- score: 0.99
  document: Sign
  start: 1284
  end: 1288
  tag: VB
  token: pos
- score: 0.99
  document: of
  start: 1289
  end: 1291
  tag: IN
  token: pos
- score: 0.99
  document: the
  start: 1292
  end: 1295
  tag: DT
  token: pos
- score: 0.99
  document: Four
  start: 1296
  end: 1300
  tag: CD
  token: pos
- score: 0.99
  document: The
  start: 1497
  end: 1500
  tag: DT
  token: pos
- score: 0.99
  document: Sign
  start: 1501
  end: 1505
  tag: VB
  token: pos
- score: 0.99
  document: of
  start: 1506
  end: 1508
  tag: IN
  token: pos
- score: 0.99
  document: the
  start: 1509
  end: 1512
  tag: DT
  token: pos
- score: 0.99
  document: Four
  start: 1513
  end: 1517
  tag: CD
  token: pos
- score: 0.99
  document: The
  start: 1552
  end: 1555
  tag: DT
  token: pos
- score: 0.99
  document: Sign
  start: 1556
  end: 1560
  tag: VB
  token: pos
- score: 0.99
  document: of
  start: 1561
  end: 1563
  tag: IN
  token: pos
- score: 0.99
  document: the
  start: 1564
  end: 1567
  tag: DT
  token: pos
- score: 0.99
  document: Four
  start: 1568
  end: 1572
  tag: CD
  token: pos
- score: 0.99
  document: The
  start: 1717
  end: 1720
  tag: DT
  token: pos
- score: 0.99
  document: Sign
  start: 1721
  end: 1725
  tag: VB
  token: pos
- score: 0.99
  document: of
  start: 1726
  end: 1728
  tag: IN
  token: pos
- score: 0.99
  document: the
  start: 1729
  end: 1732
  tag: DT
  token: pos
- score: 0.99
  document: Four
  start: 1733
  end: 1737
  tag: CD
  token: pos
